// !$*UTF8*$!
{
	archiveVersion = 1;
	classes = {
	};
	objectVersion = 46;
	objects = {

/* Begin PBXBuildFile section */
		4D9699781D50EAD9001D9FC5 /* APIConfig.swift in Sources */ = {isa = PBXBuildFile; fileRef = 4D9699761D50EAD9001D9FC5 /* APIConfig.swift */; };
		4D9699791D50EAD9001D9FC5 /* GenericAPI.swift in Sources */ = {isa = PBXBuildFile; fileRef = 4D9699771D50EAD9001D9FC5 /* GenericAPI.swift */; };
		4D96997B1D50EAE8001D9FC5 /* APIManager.swift in Sources */ = {isa = PBXBuildFile; fileRef = 4D96997A1D50EAE8001D9FC5 /* APIManager.swift */; };
		4D96997E1D50ECD7001D9FC5 /* BaseExtensions.swift in Sources */ = {isa = PBXBuildFile; fileRef = 4D96997D1D50ECD7001D9FC5 /* BaseExtensions.swift */; };
		4DFDDA631D4FA8FF002BCED2 /* AppDelegate.swift in Sources */ = {isa = PBXBuildFile; fileRef = 4DFDDA621D4FA8FF002BCED2 /* AppDelegate.swift */; };
		4DFDDA651D4FA8FF002BCED2 /* ViewController.swift in Sources */ = {isa = PBXBuildFile; fileRef = 4DFDDA641D4FA8FF002BCED2 /* ViewController.swift */; };
		4DFDDA681D4FA8FF002BCED2 /* Main.storyboard in Resources */ = {isa = PBXBuildFile; fileRef = 4DFDDA661D4FA8FF002BCED2 /* Main.storyboard */; };
		4DFDDA6A1D4FA8FF002BCED2 /* Assets.xcassets in Resources */ = {isa = PBXBuildFile; fileRef = 4DFDDA691D4FA8FF002BCED2 /* Assets.xcassets */; };
		4DFDDA6D1D4FA8FF002BCED2 /* LaunchScreen.storyboard in Resources */ = {isa = PBXBuildFile; fileRef = 4DFDDA6B1D4FA8FF002BCED2 /* LaunchScreen.storyboard */; };
		4DFDDA771D4FAE40002BCED2 /* IceServerManager.swift in Sources */ = {isa = PBXBuildFile; fileRef = 4DFDDA761D4FAE40002BCED2 /* IceServerManager.swift */; };
		4DFDDA7D1D4FBA47002BCED2 /* WebRTCManager.swift in Sources */ = {isa = PBXBuildFile; fileRef = 4DFDDA7C1D4FBA47002BCED2 /* WebRTCManager.swift */; };
		CBE004E04ED6A662345A06A7 /* Pods_WebRTC_Xirsys.framework in Frameworks */ = {isa = PBXBuildFile; fileRef = ED0419AC05FEC8DA9F4C72AA /* Pods_WebRTC_Xirsys.framework */; };
/* End PBXBuildFile section */

/* Begin PBXFileReference section */
		2E45B4B9ED2D3EB1331CA040 /* Pods-WebRTC-Xirsys.release.xcconfig */ = {isa = PBXFileReference; includeInIndex = 1; lastKnownFileType = text.xcconfig; name = "Pods-WebRTC-Xirsys.release.xcconfig"; path = "Pods/Target Support Files/Pods-WebRTC-Xirsys/Pods-WebRTC-Xirsys.release.xcconfig"; sourceTree = "<group>"; };
		4D9699761D50EAD9001D9FC5 /* APIConfig.swift */ = {isa = PBXFileReference; fileEncoding = 4; lastKnownFileType = sourcecode.swift; path = APIConfig.swift; sourceTree = "<group>"; };
		4D9699771D50EAD9001D9FC5 /* GenericAPI.swift */ = {isa = PBXFileReference; fileEncoding = 4; lastKnownFileType = sourcecode.swift; path = GenericAPI.swift; sourceTree = "<group>"; };
		4D96997A1D50EAE8001D9FC5 /* APIManager.swift */ = {isa = PBXFileReference; fileEncoding = 4; lastKnownFileType = sourcecode.swift; path = APIManager.swift; sourceTree = "<group>"; };
		4D96997D1D50ECD7001D9FC5 /* BaseExtensions.swift */ = {isa = PBXFileReference; fileEncoding = 4; lastKnownFileType = sourcecode.swift; path = BaseExtensions.swift; sourceTree = "<group>"; };
		4DFDDA5F1D4FA8FE002BCED2 /* WebRTC-Xirsys.app */ = {isa = PBXFileReference; explicitFileType = wrapper.application; includeInIndex = 0; path = "WebRTC-Xirsys.app"; sourceTree = BUILT_PRODUCTS_DIR; };
		4DFDDA621D4FA8FF002BCED2 /* AppDelegate.swift */ = {isa = PBXFileReference; lastKnownFileType = sourcecode.swift; path = AppDelegate.swift; sourceTree = "<group>"; };
		4DFDDA641D4FA8FF002BCED2 /* ViewController.swift */ = {isa = PBXFileReference; lastKnownFileType = sourcecode.swift; path = ViewController.swift; sourceTree = "<group>"; };
		4DFDDA671D4FA8FF002BCED2 /* Base */ = {isa = PBXFileReference; lastKnownFileType = file.storyboard; name = Base; path = Base.lproj/Main.storyboard; sourceTree = "<group>"; };
		4DFDDA691D4FA8FF002BCED2 /* Assets.xcassets */ = {isa = PBXFileReference; lastKnownFileType = folder.assetcatalog; path = Assets.xcassets; sourceTree = "<group>"; };
		4DFDDA6C1D4FA8FF002BCED2 /* Base */ = {isa = PBXFileReference; lastKnownFileType = file.storyboard; name = Base; path = Base.lproj/LaunchScreen.storyboard; sourceTree = "<group>"; };
		4DFDDA6E1D4FA8FF002BCED2 /* Info.plist */ = {isa = PBXFileReference; lastKnownFileType = text.plist.xml; path = Info.plist; sourceTree = "<group>"; };
		4DFDDA761D4FAE40002BCED2 /* IceServerManager.swift */ = {isa = PBXFileReference; fileEncoding = 4; lastKnownFileType = sourcecode.swift; path = IceServerManager.swift; sourceTree = "<group>"; };
		4DFDDA781D4FAFE5002BCED2 /* WebRTC-Xirsys-Bridging-Header.h */ = {isa = PBXFileReference; lastKnownFileType = sourcecode.c.h; path = "WebRTC-Xirsys-Bridging-Header.h"; sourceTree = "<group>"; };
		4DFDDA7C1D4FBA47002BCED2 /* WebRTCManager.swift */ = {isa = PBXFileReference; fileEncoding = 4; lastKnownFileType = sourcecode.swift; path = WebRTCManager.swift; sourceTree = "<group>"; };
		ED0419AC05FEC8DA9F4C72AA /* Pods_WebRTC_Xirsys.framework */ = {isa = PBXFileReference; explicitFileType = wrapper.framework; includeInIndex = 0; path = Pods_WebRTC_Xirsys.framework; sourceTree = BUILT_PRODUCTS_DIR; };
		EE2BF6A115CBD69D37F8244A /* Pods-WebRTC-Xirsys.debug.xcconfig */ = {isa = PBXFileReference; includeInIndex = 1; lastKnownFileType = text.xcconfig; name = "Pods-WebRTC-Xirsys.debug.xcconfig"; path = "Pods/Target Support Files/Pods-WebRTC-Xirsys/Pods-WebRTC-Xirsys.debug.xcconfig"; sourceTree = "<group>"; };
/* End PBXFileReference section */

/* Begin PBXFrameworksBuildPhase section */
		4DFDDA5C1D4FA8FE002BCED2 /* Frameworks */ = {
			isa = PBXFrameworksBuildPhase;
			buildActionMask = 2147483647;
			files = (
				CBE004E04ED6A662345A06A7 /* Pods_WebRTC_Xirsys.framework in Frameworks */,
			);
			runOnlyForDeploymentPostprocessing = 0;
		};
/* End PBXFrameworksBuildPhase section */

/* Begin PBXGroup section */
		4D9699731D50EA38001D9FC5 /* Services */ = {
			isa = PBXGroup;
			children = (
				4D9699741D50EAAB001D9FC5 /* APIsConfig */,
				4D9699751D50EAB6001D9FC5 /* APIsManager */,
			);
			path = Services;
			sourceTree = "<group>";
		};
		4D9699741D50EAAB001D9FC5 /* APIsConfig */ = {
			isa = PBXGroup;
			children = (
				4D9699761D50EAD9001D9FC5 /* APIConfig.swift */,
				4D9699771D50EAD9001D9FC5 /* GenericAPI.swift */,
			);
			path = APIsConfig;
			sourceTree = "<group>";
		};
		4D9699751D50EAB6001D9FC5 /* APIsManager */ = {
			isa = PBXGroup;
			children = (
				4D96997A1D50EAE8001D9FC5 /* APIManager.swift */,
			);
			path = APIsManager;
			sourceTree = "<group>";
		};
		4D96997C1D50ECA7001D9FC5 /* Ultilities */ = {
			isa = PBXGroup;
			children = (
				4D96997D1D50ECD7001D9FC5 /* BaseExtensions.swift */,
			);
			path = Ultilities;
			sourceTree = "<group>";
		};
		4DFDDA561D4FA8FE002BCED2 = {
			isa = PBXGroup;
			children = (
				4DFDDA611D4FA8FE002BCED2 /* WebRTC-Xirsys */,
				4DFDDA601D4FA8FE002BCED2 /* Products */,
				6726C255F7A86A2FC356F83B /* Pods */,
				FC99D6BDC50597C13EF009D7 /* Frameworks */,
			);
			sourceTree = "<group>";
		};
		4DFDDA601D4FA8FE002BCED2 /* Products */ = {
			isa = PBXGroup;
			children = (
				4DFDDA5F1D4FA8FE002BCED2 /* WebRTC-Xirsys.app */,
			);
			name = Products;
			sourceTree = "<group>";
		};
		4DFDDA611D4FA8FE002BCED2 /* WebRTC-Xirsys */ = {
			isa = PBXGroup;
			children = (
				4D96997C1D50ECA7001D9FC5 /* Ultilities */,
				4D9699731D50EA38001D9FC5 /* Services */,
				4DFDDA751D4FADDD002BCED2 /* IceServerManager */,
				4DFDDA741D4FADC4002BCED2 /* WebRTCManager */,
				4DFDDA621D4FA8FF002BCED2 /* AppDelegate.swift */,
				4DFDDA641D4FA8FF002BCED2 /* ViewController.swift */,
				4DFDDA661D4FA8FF002BCED2 /* Main.storyboard */,
				4DFDDA691D4FA8FF002BCED2 /* Assets.xcassets */,
				4DFDDA6B1D4FA8FF002BCED2 /* LaunchScreen.storyboard */,
				4DFDDA6E1D4FA8FF002BCED2 /* Info.plist */,
				4DFDDA781D4FAFE5002BCED2 /* WebRTC-Xirsys-Bridging-Header.h */,
			);
			path = "WebRTC-Xirsys";
			sourceTree = "<group>";
		};
		4DFDDA741D4FADC4002BCED2 /* WebRTCManager */ = {
			isa = PBXGroup;
			children = (
				4DFDDA7C1D4FBA47002BCED2 /* WebRTCManager.swift */,
			);
			path = WebRTCManager;
			sourceTree = "<group>";
		};
		4DFDDA751D4FADDD002BCED2 /* IceServerManager */ = {
			isa = PBXGroup;
			children = (
				4DFDDA761D4FAE40002BCED2 /* IceServerManager.swift */,
			);
			path = IceServerManager;
			sourceTree = "<group>";
		};
		6726C255F7A86A2FC356F83B /* Pods */ = {
			isa = PBXGroup;
			children = (
				EE2BF6A115CBD69D37F8244A /* Pods-WebRTC-Xirsys.debug.xcconfig */,
				2E45B4B9ED2D3EB1331CA040 /* Pods-WebRTC-Xirsys.release.xcconfig */,
			);
			name = Pods;
			sourceTree = "<group>";
		};
		FC99D6BDC50597C13EF009D7 /* Frameworks */ = {
			isa = PBXGroup;
			children = (
				ED0419AC05FEC8DA9F4C72AA /* Pods_WebRTC_Xirsys.framework */,
			);
			name = Frameworks;
			sourceTree = "<group>";
		};
/* End PBXGroup section */

/* Begin PBXNativeTarget section */
		4DFDDA5E1D4FA8FE002BCED2 /* WebRTC-Xirsys */ = {
			isa = PBXNativeTarget;
			buildConfigurationList = 4DFDDA711D4FA8FF002BCED2 /* Build configuration list for PBXNativeTarget "WebRTC-Xirsys" */;
			buildPhases = (
				4D90F3BD10FEF1D1984E0BAC /* [CP] Check Pods Manifest.lock */,
				4DFDDA5B1D4FA8FE002BCED2 /* Sources */,
				4DFDDA5C1D4FA8FE002BCED2 /* Frameworks */,
				4DFDDA5D1D4FA8FE002BCED2 /* Resources */,
				9BA01077530F9FA85B2B07A0 /* [CP] Embed Pods Frameworks */,
				3A98E3D0E4F5FBFC6D28E76A /* [CP] Copy Pods Resources */,
			);
			buildRules = (
			);
			dependencies = (
			);
			name = "WebRTC-Xirsys";
			productName = "WebRTC-Xirsys";
			productReference = 4DFDDA5F1D4FA8FE002BCED2 /* WebRTC-Xirsys.app */;
			productType = "com.apple.product-type.application";
		};
/* End PBXNativeTarget section */

/* Begin PBXProject section */
		4DFDDA571D4FA8FE002BCED2 /* Project object */ = {
			isa = PBXProject;
			attributes = {
				LastSwiftUpdateCheck = 0730;
				LastUpgradeCheck = 0730;
				ORGANIZATIONNAME = "Tan Vo";
				TargetAttributes = {
					4DFDDA5E1D4FA8FE002BCED2 = {
						CreatedOnToolsVersion = 7.3;
					};
				};
			};
			buildConfigurationList = 4DFDDA5A1D4FA8FE002BCED2 /* Build configuration list for PBXProject "WebRTC-Xirsys" */;
			compatibilityVersion = "Xcode 3.2";
			developmentRegion = English;
			hasScannedForEncodings = 0;
			knownRegions = (
				en,
				Base,
			);
			mainGroup = 4DFDDA561D4FA8FE002BCED2;
			productRefGroup = 4DFDDA601D4FA8FE002BCED2 /* Products */;
			projectDirPath = "";
			projectRoot = "";
			targets = (
				4DFDDA5E1D4FA8FE002BCED2 /* WebRTC-Xirsys */,
			);
		};
/* End PBXProject section */

/* Begin PBXResourcesBuildPhase section */
		4DFDDA5D1D4FA8FE002BCED2 /* Resources */ = {
			isa = PBXResourcesBuildPhase;
			buildActionMask = 2147483647;
			files = (
				4DFDDA6D1D4FA8FF002BCED2 /* LaunchScreen.storyboard in Resources */,
				4DFDDA6A1D4FA8FF002BCED2 /* Assets.xcassets in Resources */,
				4DFDDA681D4FA8FF002BCED2 /* Main.storyboard in Resources */,
			);
			runOnlyForDeploymentPostprocessing = 0;
		};
/* End PBXResourcesBuildPhase section */

/* Begin PBXShellScriptBuildPhase section */
		3A98E3D0E4F5FBFC6D28E76A /* [CP] Copy Pods Resources */ = {
			isa = PBXShellScriptBuildPhase;
			buildActionMask = 2147483647;
			files = (
			);
			inputPaths = (
			);
			name = "[CP] Copy Pods Resources";
			outputPaths = (
			);
			runOnlyForDeploymentPostprocessing = 0;
			shellPath = /bin/sh;
			shellScript = "\"${SRCROOT}/Pods/Target Support Files/Pods-WebRTC-Xirsys/Pods-WebRTC-Xirsys-resources.sh\"\n";
			showEnvVarsInLog = 0;
		};
		4D90F3BD10FEF1D1984E0BAC /* [CP] Check Pods Manifest.lock */ = {
			isa = PBXShellScriptBuildPhase;
			buildActionMask = 2147483647;
			files = (
			);
			inputPaths = (
			);
			name = "[CP] Check Pods Manifest.lock";
			outputPaths = (
			);
			runOnlyForDeploymentPostprocessing = 0;
			shellPath = /bin/sh;
			shellScript = "diff \"${PODS_ROOT}/../Podfile.lock\" \"${PODS_ROOT}/Manifest.lock\" > /dev/null\nif [[ $? != 0 ]] ; then\n    cat << EOM\nerror: The sandbox is not in sync with the Podfile.lock. Run 'pod install' or update your CocoaPods installation.\nEOM\n    exit 1\nfi\n";
			showEnvVarsInLog = 0;
		};
		9BA01077530F9FA85B2B07A0 /* [CP] Embed Pods Frameworks */ = {
			isa = PBXShellScriptBuildPhase;
			buildActionMask = 2147483647;
			files = (
			);
			inputPaths = (
			);
			name = "[CP] Embed Pods Frameworks";
			outputPaths = (
			);
			runOnlyForDeploymentPostprocessing = 0;
			shellPath = /bin/sh;
			shellScript = "\"${SRCROOT}/Pods/Target Support Files/Pods-WebRTC-Xirsys/Pods-WebRTC-Xirsys-frameworks.sh\"\n";
			showEnvVarsInLog = 0;
		};
/* End PBXShellScriptBuildPhase section */

/* Begin PBXSourcesBuildPhase section */
		4DFDDA5B1D4FA8FE002BCED2 /* Sources */ = {
			isa = PBXSourcesBuildPhase;
			buildActionMask = 2147483647;
			files = (
				4DFDDA7D1D4FBA47002BCED2 /* WebRTCManager.swift in Sources */,
				4DFDDA651D4FA8FF002BCED2 /* ViewController.swift in Sources */,
				4D96997E1D50ECD7001D9FC5 /* BaseExtensions.swift in Sources */,
				4D9699791D50EAD9001D9FC5 /* GenericAPI.swift in Sources */,
				4DFDDA631D4FA8FF002BCED2 /* AppDelegate.swift in Sources */,
				4DFDDA771D4FAE40002BCED2 /* IceServerManager.swift in Sources */,
				4D9699781D50EAD9001D9FC5 /* APIConfig.swift in Sources */,
				4D96997B1D50EAE8001D9FC5 /* APIManager.swift in Sources */,
			);
			runOnlyForDeploymentPostprocessing = 0;
		};
/* End PBXSourcesBuildPhase section */

/* Begin PBXVariantGroup section */
		4DFDDA661D4FA8FF002BCED2 /* Main.storyboard */ = {
			isa = PBXVariantGroup;
			children = (
				4DFDDA671D4FA8FF002BCED2 /* Base */,
			);
			name = Main.storyboard;
			sourceTree = "<group>";
		};
		4DFDDA6B1D4FA8FF002BCED2 /* LaunchScreen.storyboard */ = {
			isa = PBXVariantGroup;
			children = (
				4DFDDA6C1D4FA8FF002BCED2 /* Base */,
			);
			name = LaunchScreen.storyboard;
			sourceTree = "<group>";
		};
/* End PBXVariantGroup section */

/* Begin XCBuildConfiguration section */
		4DFDDA6F1D4FA8FF002BCED2 /* Debug */ = {
			isa = XCBuildConfiguration;
			buildSettings = {
				ALWAYS_SEARCH_USER_PATHS = NO;
				CLANG_ANALYZER_NONNULL = YES;
				CLANG_CXX_LANGUAGE_STANDARD = "gnu++0x";
				CLANG_CXX_LIBRARY = "libc++";
				CLANG_ENABLE_MODULES = YES;
				CLANG_ENABLE_OBJC_ARC = YES;
				CLANG_WARN_BOOL_CONVERSION = YES;
				CLANG_WARN_CONSTANT_CONVERSION = YES;
				CLANG_WARN_DIRECT_OBJC_ISA_USAGE = YES_ERROR;
				CLANG_WARN_EMPTY_BODY = YES;
				CLANG_WARN_ENUM_CONVERSION = YES;
				CLANG_WARN_INT_CONVERSION = YES;
				CLANG_WARN_OBJC_ROOT_CLASS = YES_ERROR;
				CLANG_WARN_UNREACHABLE_CODE = YES;
				CLANG_WARN__DUPLICATE_METHOD_MATCH = YES;
				"CODE_SIGN_IDENTITY[sdk=iphoneos*]" = "iPhone Developer";
				COPY_PHASE_STRIP = NO;
				DEBUG_INFORMATION_FORMAT = dwarf;
				ENABLE_STRICT_OBJC_MSGSEND = YES;
				ENABLE_TESTABILITY = YES;
				GCC_C_LANGUAGE_STANDARD = gnu99;
				GCC_DYNAMIC_NO_PIC = NO;
				GCC_NO_COMMON_BLOCKS = YES;
				GCC_OPTIMIZATION_LEVEL = 0;
				GCC_PREPROCESSOR_DEFINITIONS = (
					"DEBUG=1",
					"$(inherited)",
				);
				GCC_WARN_64_TO_32_BIT_CONVERSION = YES;
				GCC_WARN_ABOUT_RETURN_TYPE = YES_ERROR;
				GCC_WARN_UNDECLARED_SELECTOR = YES;
				GCC_WARN_UNINITIALIZED_AUTOS = YES_AGGRESSIVE;
				GCC_WARN_UNUSED_FUNCTION = YES;
				GCC_WARN_UNUSED_VARIABLE = YES;
				IPHONEOS_DEPLOYMENT_TARGET = 9.3;
				MTL_ENABLE_DEBUG_INFO = YES;
				ONLY_ACTIVE_ARCH = YES;
				SDKROOT = iphoneos;
				SWIFT_OPTIMIZATION_LEVEL = "-Onone";
			};
			name = Debug;
		};
		4DFDDA701D4FA8FF002BCED2 /* Release */ = {
			isa = XCBuildConfiguration;
			buildSettings = {
				ALWAYS_SEARCH_USER_PATHS = NO;
				CLANG_ANALYZER_NONNULL = YES;
				CLANG_CXX_LANGUAGE_STANDARD = "gnu++0x";
				CLANG_CXX_LIBRARY = "libc++";
				CLANG_ENABLE_MODULES = YES;
				CLANG_ENABLE_OBJC_ARC = YES;
				CLANG_WARN_BOOL_CONVERSION = YES;
				CLANG_WARN_CONSTANT_CONVERSION = YES;
				CLANG_WARN_DIRECT_OBJC_ISA_USAGE = YES_ERROR;
				CLANG_WARN_EMPTY_BODY = YES;
				CLANG_WARN_ENUM_CONVERSION = YES;
				CLANG_WARN_INT_CONVERSION = YES;
				CLANG_WARN_OBJC_ROOT_CLASS = YES_ERROR;
				CLANG_WARN_UNREACHABLE_CODE = YES;
				CLANG_WARN__DUPLICATE_METHOD_MATCH = YES;
				"CODE_SIGN_IDENTITY[sdk=iphoneos*]" = "iPhone Developer";
				COPY_PHASE_STRIP = NO;
				DEBUG_INFORMATION_FORMAT = "dwarf-with-dsym";
				ENABLE_NS_ASSERTIONS = NO;
				ENABLE_STRICT_OBJC_MSGSEND = YES;
				GCC_C_LANGUAGE_STANDARD = gnu99;
				GCC_NO_COMMON_BLOCKS = YES;
				GCC_WARN_64_TO_32_BIT_CONVERSION = YES;
				GCC_WARN_ABOUT_RETURN_TYPE = YES_ERROR;
				GCC_WARN_UNDECLARED_SELECTOR = YES;
				GCC_WARN_UNINITIALIZED_AUTOS = YES_AGGRESSIVE;
				GCC_WARN_UNUSED_FUNCTION = YES;
				GCC_WARN_UNUSED_VARIABLE = YES;
				IPHONEOS_DEPLOYMENT_TARGET = 9.3;
				MTL_ENABLE_DEBUG_INFO = NO;
				SDKROOT = iphoneos;
				VALIDATE_PRODUCT = YES;
			};
			name = Release;
		};
		4DFDDA721D4FA8FF002BCED2 /* Debug */ = {
			isa = XCBuildConfiguration;
			baseConfigurationReference = EE2BF6A115CBD69D37F8244A /* Pods-WebRTC-Xirsys.debug.xcconfig */;
			buildSettings = {
				ASSETCATALOG_COMPILER_APPICON_NAME = AppIcon;
				CLANG_ENABLE_MODULES = YES;
				INFOPLIST_FILE = "WebRTC-Xirsys/Info.plist";
				LD_RUNPATH_SEARCH_PATHS = "$(inherited) @executable_path/Frameworks";
				PRODUCT_BUNDLE_IDENTIFIER = "vht.vhtan.WebRTC-Xirsys";
				PRODUCT_NAME = "$(TARGET_NAME)";
				SWIFT_OBJC_BRIDGING_HEADER = "WebRTC-Xirsys/WebRTC-Xirsys-Bridging-Header.h";
				SWIFT_OPTIMIZATION_LEVEL = "-Onone";
			};
			name = Debug;
		};
		4DFDDA731D4FA8FF002BCED2 /* Release */ = {
			isa = XCBuildConfiguration;
			baseConfigurationReference = 2E45B4B9ED2D3EB1331CA040 /* Pods-WebRTC-Xirsys.release.xcconfig */;
			buildSettings = {
				ASSETCATALOG_COMPILER_APPICON_NAME = AppIcon;
				CLANG_ENABLE_MODULES = YES;
				INFOPLIST_FILE = "WebRTC-Xirsys/Info.plist";
				LD_RUNPATH_SEARCH_PATHS = "$(inherited) @executable_path/Frameworks";
				PRODUCT_BUNDLE_IDENTIFIER = "vht.vhtan.WebRTC-Xirsys";
				PRODUCT_NAME = "$(TARGET_NAME)";
				SWIFT_OBJC_BRIDGING_HEADER = "WebRTC-Xirsys/WebRTC-Xirsys-Bridging-Header.h";
			};
			name = Release;
		};
/* End XCBuildConfiguration section */

/* Begin XCConfigurationList section */
		4DFDDA5A1D4FA8FE002BCED2 /* Build configuration list for PBXProject "WebRTC-Xirsys" */ = {
			isa = XCConfigurationList;
			buildConfigurations = (
				4DFDDA6F1D4FA8FF002BCED2 /* Debug */,
				4DFDDA701D4FA8FF002BCED2 /* Release */,
			);
			defaultConfigurationIsVisible = 0;
			defaultConfigurationName = Release;
		};
		4DFDDA711D4FA8FF002BCED2 /* Build configuration list for PBXNativeTarget "WebRTC-Xirsys" */ = {
			isa = XCConfigurationList;
			buildConfigurations = (
				4DFDDA721D4FA8FF002BCED2 /* Debug */,
				4DFDDA731D4FA8FF002BCED2 /* Release */,
			);
			defaultConfigurationIsVisible = 0;
			defaultConfigurationName = Release;
		};
/* End XCConfigurationList section */
	};
	rootObject = 4DFDDA571D4FA8FE002BCED2 /* Project object */;
}
